dependencies:
- name: jupyterhub
  repository: https://jupyterhub.github.io/helm-chart
  version: 1.2.0
- name: efs-provisioner
  repository: https://isotoma.github.io/charts
  version: 0.14.0
digest: sha256:b965c3cfb7d0df21fa394dd848cc915c33fc91c47efb355af8ee63965b8d4eb1
generated: "2022-08-30T21:18:50.330286-07:00"
