dependencies:
- name: jupyterhub
  repository: https://jupyterhub.github.io/helm-chart
  version: 0.9-b63f5c9
- name: efs-provisioner
  repository: https://kubernetes-charts.storage.googleapis.com/
  version: 0.7.0
digest: sha256:646cd7ac348316812976b9bf9c38f43b23bc1d07f3ac7dd2ae7725e8b563c3c0
generated: "2019-08-19T12:38:44.505866-07:00"
